version: v2
locks:
  f/integrations/create_task: cbdd223469033f70ba8d515479b725f0f0bb41613313c9f7cc9aae2cd2afb94e
  f/integrations/schedule_event: b85ee6c7fd458486784f162f9d2ee5dfbd480fe39ad90b493cb14cb9ddee51ad
  f/integrations/summarize_inbox: ec198d4d7f6194787adf39b340983d92f9ddab128ef9098a54f11e4b90e3339e
  f/integrations/telegram_to_evi: dbe915b14e4be21e99c4a7030b92c05839096b47172a730442caac0c1b23f92f
